
Microsoft Visual Studio Solution File, Format Version 12.00
# Visual Studio 15
VisualStudioVersion = 15.0.26730.12
MinimumVisualStudioVersion = 10.0.40219.1
Project("{FAE04EC0-301F-11D3-BF4B-00C04F79EFBC}") = "WavReader", "WavReader\WavReader.csproj", "{7DB1882A-340F-48D6-B43B-EBDD3CB18F12}"
EndProject
Project("{2150E333-8FDC-42A3-9474-1A3956D46DE8}") = "Wavs", "Wavs", "{A4EB1AE0-055D-4F2B-BD21-49C27E9DA038}"
	ProjectSection(SolutionItems) = preProject
		Wavs\sample.wav = Wavs\sample.wav
		Wavs\testClip.wav = Wavs\testClip.wav
	EndProjectSection
EndProject
Global
	GlobalSection(SolutionConfigurationPlatforms) = preSolution
		Debug|Any CPU = Debug|Any CPU
		Release|Any CPU = Release|Any CPU
	EndGlobalSection
	GlobalSection(ProjectConfigurationPlatforms) = postSolution
		{7DB1882A-340F-48D6-B43B-EBDD3CB18F12}.Debug|Any CPU.ActiveCfg = Debug|Any CPU
		{7DB1882A-340F-48D6-B43B-EBDD3CB18F12}.Debug|Any CPU.Build.0 = Debug|Any CPU
		{7DB1882A-340F-48D6-B43B-EBDD3CB18F12}.Release|Any CPU.ActiveCfg = Release|Any CPU
		{7DB1882A-340F-48D6-B43B-EBDD3CB18F12}.Release|Any CPU.Build.0 = Release|Any CPU
	EndGlobalSection
	GlobalSection(SolutionProperties) = preSolution
		HideSolutionNode = FALSE
	EndGlobalSection
	GlobalSection(ExtensibilityGlobals) = postSolution
		SolutionGuid = {2BF6C3AE-CA1B-4F01-8CF1-AB50FBA321A2}
	EndGlobalSection
EndGlobal
