<?xml version="1.0" encoding="utf-8"?>
<Project ToolsVersion="4.0" xmlns="http://schemas.microsoft.com/developer/msbuild/2003">
  <ItemGroup>
    <Filter Include="Source Files">
      <UniqueIdentifier>{4FC737F1-C7A5-4376-A066-2A32D752A2FF}</UniqueIdentifier>
      <Extensions>cpp;c;cc;cxx;def;odl;idl;hpj;bat;asm;asmx</Extensions>
    </Filter>
    <Filter Include="Header Files">
      <UniqueIdentifier>{93995380-89BD-4b04-88EB-625FBE52EBFB}</UniqueIdentifier>
      <Extensions>h;hh;hpp;hxx;hm;inl;inc;xsd</Extensions>
    </Filter>
    <Filter Include="Resource Files">
      <UniqueIdentifier>{67DA6AB6-F800-4c08-8B7A-83BB121AAD01}</UniqueIdentifier>
      <Extensions>rc;ico;cur;bmp;dlg;rc2;rct;bin;rgs;gif;jpg;jpeg;jpe;resx;tiff;tif;png;wav;mfcribbon-ms</Extensions>
    </Filter>
    <Filter Include="Header Files\sdl">
      <UniqueIdentifier>{e9dabbdd-64b1-4faa-babe-2d38ca8b06bd}</UniqueIdentifier>
    </Filter>
    <Filter Include="Source Files\sdl">
      <UniqueIdentifier>{6fc12bc6-294b-4913-8185-596590fd7183}</UniqueIdentifier>
    </Filter>
  </ItemGroup>
  <ItemGroup>
    <ClCompile Include="src\audioobject.cpp">
      <Filter>Source Files</Filter>
    </ClCompile>
    <ClCompile Include="src\main.cpp">
      <Filter>Source Files</Filter>
    </ClCompile>
    <ClCompile Include="src\sdl\sdlaudiocontext.cpp">
      <Filter>Source Files\sdl</Filter>
    </ClCompile>
    <ClCompile Include="src\sdl\sdlaudiodevice.cpp">
      <Filter>Source Files\sdl</Filter>
    </ClCompile>
    <ClCompile Include="src\sdl\sdlwavaudiodata.cpp">
      <Filter>Source Files\sdl</Filter>
    </ClCompile>
  </ItemGroup>
  <ItemGroup>
    <ClInclude Include="src\audioobject.hpp">
      <Filter>Header Files</Filter>
    </ClInclude>
    <ClInclude Include="src\iaudiocontext.hpp">
      <Filter>Header Files</Filter>
    </ClInclude>
    <ClInclude Include="src\iaudiodata.hpp">
      <Filter>Header Files</Filter>
    </ClInclude>
    <ClInclude Include="src\iaudiodevice.hpp">
      <Filter>Header Files</Filter>
    </ClInclude>
    <ClInclude Include="src\sampleinfo.hpp">
      <Filter>Header Files</Filter>
    </ClInclude>
    <ClInclude Include="src\sdl\sdlaudiocontext.hpp">
      <Filter>Header Files\sdl</Filter>
    </ClInclude>
    <ClInclude Include="src\sdl\sdlaudiodevice.hpp">
      <Filter>Header Files\sdl</Filter>
    </ClInclude>
    <ClInclude Include="src\sdl\sdlwavaudiodata.hpp">
      <Filter>Header Files\sdl</Filter>
    </ClInclude>
  </ItemGroup>
</Project>